
Microsoft Visual Studio Solution File, Format Version 12.00
# Visual Studio 14
VisualStudioVersion = 14.0.24720.0
MinimumVisualStudioVersion = 10.0.40219.1
Project("{FAE04EC0-301F-11D3-BF4B-00C04F79EFBC}") = "AWS.CloudFormation", "AWS.CloudFormation\AWS.CloudFormation.csproj", "{640A43A9-F1D7-4D13-8AB3-819797155F3D}"
EndProject
Project("{FAE04EC0-301F-11D3-BF4B-00C04F79EFBC}") = "AWS.CloudFormation.Test", "AWS.CloudFormation.Test\AWS.CloudFormation.Test.csproj", "{DF1A49E6-C587-4139-A232-B40F1257A5DF}"
EndProject
Project("{FAE04EC0-301F-11D3-BF4B-00C04F79EFBC}") = "Chef", "Chef\Chef.csproj", "{57EFE8EF-75EB-4824-9285-ED7EECC3BC6D}"
EndProject
Project("{FAE04EC0-301F-11D3-BF4B-00C04F79EFBC}") = "System.Net.IPNetwork", "System.Net.IPNetwork\System.Net.IPNetwork.csproj", "{E76938D8-EDEC-4568-B73C-B98C41044423}"
EndProject
Project("{2150E333-8FDC-42A3-9474-1A3956D46DE8}") = "Solution Items", "Solution Items", "{2C0BC390-8844-455F-9529-36EAD6B23FE6}"
	ProjectSection(SolutionItems) = preProject
		Configure-RDGW.ps1 = Configure-RDGW.ps1
		QuickTemplate_1_AD_2012.template = QuickTemplate_1_AD_2012.template
	EndProjectSection
EndProject
Global
	GlobalSection(SolutionConfigurationPlatforms) = preSolution
		Debug|Any CPU = Debug|Any CPU
		Release|Any CPU = Release|Any CPU
	EndGlobalSection
	GlobalSection(ProjectConfigurationPlatforms) = postSolution
		{640A43A9-F1D7-4D13-8AB3-819797155F3D}.Debug|Any CPU.ActiveCfg = Debug|Any CPU
		{640A43A9-F1D7-4D13-8AB3-819797155F3D}.Debug|Any CPU.Build.0 = Debug|Any CPU
		{640A43A9-F1D7-4D13-8AB3-819797155F3D}.Release|Any CPU.ActiveCfg = Release|Any CPU
		{640A43A9-F1D7-4D13-8AB3-819797155F3D}.Release|Any CPU.Build.0 = Release|Any CPU
		{DF1A49E6-C587-4139-A232-B40F1257A5DF}.Debug|Any CPU.ActiveCfg = Debug|Any CPU
		{DF1A49E6-C587-4139-A232-B40F1257A5DF}.Debug|Any CPU.Build.0 = Debug|Any CPU
		{DF1A49E6-C587-4139-A232-B40F1257A5DF}.Release|Any CPU.ActiveCfg = Release|Any CPU
		{DF1A49E6-C587-4139-A232-B40F1257A5DF}.Release|Any CPU.Build.0 = Release|Any CPU
		{57EFE8EF-75EB-4824-9285-ED7EECC3BC6D}.Debug|Any CPU.ActiveCfg = Debug|Any CPU
		{57EFE8EF-75EB-4824-9285-ED7EECC3BC6D}.Release|Any CPU.ActiveCfg = Release|Any CPU
		{57EFE8EF-75EB-4824-9285-ED7EECC3BC6D}.Release|Any CPU.Build.0 = Release|Any CPU
		{E76938D8-EDEC-4568-B73C-B98C41044423}.Debug|Any CPU.ActiveCfg = Debug|Any CPU
		{E76938D8-EDEC-4568-B73C-B98C41044423}.Debug|Any CPU.Build.0 = Debug|Any CPU
		{E76938D8-EDEC-4568-B73C-B98C41044423}.Release|Any CPU.ActiveCfg = Release|Any CPU
		{E76938D8-EDEC-4568-B73C-B98C41044423}.Release|Any CPU.Build.0 = Release|Any CPU
	EndGlobalSection
	GlobalSection(SolutionProperties) = preSolution
		HideSolutionNode = FALSE
	EndGlobalSection
EndGlobal
