DEPENDENCIES
  PsTools
    path: ../PsTools
  ec2helper
    path: ../ec2helper
  s3_file
  tfs
    path: .
    metadata: true
  vs
    path: ../vs
  windows

GRAPH
  PsTools (0.1.0)
    windows (>= 0.0.0)
  chef_handler (1.2.0)
  ec2helper (0.1.0)
  s3_file (2.6.6)
  tfs (0.1.0)
    PsTools (>= 0.0.0)
    ec2helper (>= 0.0.0)
    s3_file (>= 0.0.0)
    vs (>= 0.0.0)
    windows (>= 0.0.0)
  vs (0.1.0)
    ec2helper (>= 0.0.0)
  windows (1.39.1)
    chef_handler (>= 0.0.0)
